
Microsoft Visual Studio Solution File, Format Version 12.00
# Visual Studio Version 16
VisualStudioVersion = 16.0.32228.343
MinimumVisualStudioVersion = 10.0.40219.1
Project("{9A19103F-16F7-4668-BE54-9A1E7A4F7556}") = "AuthServer.Core", "AuthServer.Core\AuthServer.Core.csproj", "{75DF67B8-474C-409B-9FB6-118B58007F12}"
EndProject
Project("{9A19103F-16F7-4668-BE54-9A1E7A4F7556}") = "AuthServer.API", "AuthServer.API\AuthServer.API.csproj", "{12121BC9-0702-4E56-B24A-573FCC94FAA2}"
EndProject
Global
	GlobalSection(SolutionConfigurationPlatforms) = preSolution
		Debug|Any CPU = Debug|Any CPU
		Release|Any CPU = Release|Any CPU
	EndGlobalSection
	GlobalSection(ProjectConfigurationPlatforms) = postSolution
		{75DF67B8-474C-409B-9FB6-118B58007F12}.Debug|Any CPU.ActiveCfg = Debug|Any CPU
		{75DF67B8-474C-409B-9FB6-118B58007F12}.Debug|Any CPU.Build.0 = Debug|Any CPU
		{75DF67B8-474C-409B-9FB6-118B58007F12}.Release|Any CPU.ActiveCfg = Release|Any CPU
		{75DF67B8-474C-409B-9FB6-118B58007F12}.Release|Any CPU.Build.0 = Release|Any CPU
		{12121BC9-0702-4E56-B24A-573FCC94FAA2}.Debug|Any CPU.ActiveCfg = Debug|Any CPU
		{12121BC9-0702-4E56-B24A-573FCC94FAA2}.Debug|Any CPU.Build.0 = Debug|Any CPU
		{12121BC9-0702-4E56-B24A-573FCC94FAA2}.Release|Any CPU.ActiveCfg = Release|Any CPU
		{12121BC9-0702-4E56-B24A-573FCC94FAA2}.Release|Any CPU.Build.0 = Release|Any CPU
	EndGlobalSection
	GlobalSection(SolutionProperties) = preSolution
		HideSolutionNode = FALSE
	EndGlobalSection
	GlobalSection(ExtensibilityGlobals) = postSolution
		SolutionGuid = {E5A9B5DC-4D2C-47D0-A88E-BA603600574C}
	EndGlobalSection
EndGlobal
