
Microsoft Visual Studio Solution File, Format Version 12.00
# Visual Studio Version 16
VisualStudioVersion = 16.0.32428.217
MinimumVisualStudioVersion = 10.0.40219.1
Project("{FAE04EC0-301F-11D3-BF4B-00C04F79EFBC}") = "Gate", "Gate\Gate.csproj", "{F899D471-3E7D-483B-891C-45B9B06EC3EC}"
EndProject
Global
	GlobalSection(SolutionConfigurationPlatforms) = preSolution
		Debug|Any CPU = Debug|Any CPU
		Release|Any CPU = Release|Any CPU
	EndGlobalSection
	GlobalSection(ProjectConfigurationPlatforms) = postSolution
		{F899D471-3E7D-483B-891C-45B9B06EC3EC}.Debug|Any CPU.ActiveCfg = Debug|Any CPU
		{F899D471-3E7D-483B-891C-45B9B06EC3EC}.Debug|Any CPU.Build.0 = Debug|Any CPU
		{F899D471-3E7D-483B-891C-45B9B06EC3EC}.Release|Any CPU.ActiveCfg = Release|Any CPU
		{F899D471-3E7D-483B-891C-45B9B06EC3EC}.Release|Any CPU.Build.0 = Release|Any CPU
	EndGlobalSection
	GlobalSection(SolutionProperties) = preSolution
		HideSolutionNode = FALSE
	EndGlobalSection
	GlobalSection(ExtensibilityGlobals) = postSolution
		SolutionGuid = {BBB17EF6-1311-4420-AA82-0E5263B6AD16}
	EndGlobalSection
EndGlobal
